
Microsoft Visual Studio Solution File, Format Version 12.00
# Visual Studio Version 17
VisualStudioVersion = 17.0.31903.59
MinimumVisualStudioVersion = 10.0.40219.1
Project("{FAE04EC0-301F-11D3-BF4B-00C04F79EFBC}") = "ecommerce", "ecommerce.csproj", "{552E76FD-8510-4E0A-9AF6-83C120653422}"
EndProject
Global
	GlobalSection(SolutionConfigurationPlatforms) = preSolution
		Debug|Any CPU = Debug|Any CPU
		Debug|x64 = Debug|x64
		Debug|x86 = Debug|x86
		Release|Any CPU = Release|Any CPU
		Release|x64 = Release|x64
		Release|x86 = Release|x86
	EndGlobalSection
	GlobalSection(ProjectConfigurationPlatforms) = postSolution
		{552E76FD-8510-4E0A-9AF6-83C120653422}.Debug|Any CPU.ActiveCfg = Debug|Any CPU
		{552E76FD-8510-4E0A-9AF6-83C120653422}.Debug|Any CPU.Build.0 = Debug|Any CPU
		{552E76FD-8510-4E0A-9AF6-83C120653422}.Debug|x64.ActiveCfg = Debug|Any CPU
		{552E76FD-8510-4E0A-9AF6-83C120653422}.Debug|x64.Build.0 = Debug|Any CPU
		{552E76FD-8510-4E0A-9AF6-83C120653422}.Debug|x86.ActiveCfg = Debug|Any CPU
		{552E76FD-8510-4E0A-9AF6-83C120653422}.Debug|x86.Build.0 = Debug|Any CPU
		{552E76FD-8510-4E0A-9AF6-83C120653422}.Release|Any CPU.ActiveCfg = Release|Any CPU
		{552E76FD-8510-4E0A-9AF6-83C120653422}.Release|Any CPU.Build.0 = Release|Any CPU
		{552E76FD-8510-4E0A-9AF6-83C120653422}.Release|x64.ActiveCfg = Release|Any CPU
		{552E76FD-8510-4E0A-9AF6-83C120653422}.Release|x64.Build.0 = Release|Any CPU
		{552E76FD-8510-4E0A-9AF6-83C120653422}.Release|x86.ActiveCfg = Release|Any CPU
		{552E76FD-8510-4E0A-9AF6-83C120653422}.Release|x86.Build.0 = Release|Any CPU
	EndGlobalSection
	GlobalSection(SolutionProperties) = preSolution
		HideSolutionNode = FALSE
	EndGlobalSection
	GlobalSection(ExtensibilityGlobals) = postSolution
		SolutionGuid = {10188D76-53CA-4539-BCBC-71F580E22612}
	EndGlobalSection
EndGlobal
